
Microsoft Visual Studio Solution File, Format Version 12.00
# Visual Studio Version 16
VisualStudioVersion = 16.0.31005.135
MinimumVisualStudioVersion = 10.0.40219.1
Project("{FAE04EC0-301F-11D3-BF4B-00C04F79EFBC}") = "завдання 2", "завдання 2\завдання 2.csproj", "{CBBED00E-114E-4745-A2B5-6527BF60605B}"
EndProject
Global
	GlobalSection(SolutionConfigurationPlatforms) = preSolution
		Debug|Any CPU = Debug|Any CPU
		Release|Any CPU = Release|Any CPU
	EndGlobalSection
	GlobalSection(ProjectConfigurationPlatforms) = postSolution
		{CBBED00E-114E-4745-A2B5-6527BF60605B}.Debug|Any CPU.ActiveCfg = Debug|Any CPU
		{CBBED00E-114E-4745-A2B5-6527BF60605B}.Debug|Any CPU.Build.0 = Debug|Any CPU
		{CBBED00E-114E-4745-A2B5-6527BF60605B}.Release|Any CPU.ActiveCfg = Release|Any CPU
		{CBBED00E-114E-4745-A2B5-6527BF60605B}.Release|Any CPU.Build.0 = Release|Any CPU
	EndGlobalSection
	GlobalSection(SolutionProperties) = preSolution
		HideSolutionNode = FALSE
	EndGlobalSection
	GlobalSection(ExtensibilityGlobals) = postSolution
		SolutionGuid = {A012A3CF-2699-4754-BA74-C592A42AA434}
	EndGlobalSection
EndGlobal
