
Microsoft Visual Studio Solution File, Format Version 12.00
# Visual Studio Version 16
VisualStudioVersion = 16.0.31005.135
MinimumVisualStudioVersion = 10.0.40219.1
Project("{FAE04EC0-301F-11D3-BF4B-00C04F79EFBC}") = "Завдвння (6) 1", "Завдвння (6) 1\Завдвння (6) 1.csproj", "{C141365F-9188-48B4-B802-4D3AA5A0635A}"
EndProject
Global
	GlobalSection(SolutionConfigurationPlatforms) = preSolution
		Debug|Any CPU = Debug|Any CPU
		Release|Any CPU = Release|Any CPU
	EndGlobalSection
	GlobalSection(ProjectConfigurationPlatforms) = postSolution
		{C141365F-9188-48B4-B802-4D3AA5A0635A}.Debug|Any CPU.ActiveCfg = Debug|Any CPU
		{C141365F-9188-48B4-B802-4D3AA5A0635A}.Debug|Any CPU.Build.0 = Debug|Any CPU
		{C141365F-9188-48B4-B802-4D3AA5A0635A}.Release|Any CPU.ActiveCfg = Release|Any CPU
		{C141365F-9188-48B4-B802-4D3AA5A0635A}.Release|Any CPU.Build.0 = Release|Any CPU
	EndGlobalSection
	GlobalSection(SolutionProperties) = preSolution
		HideSolutionNode = FALSE
	EndGlobalSection
	GlobalSection(ExtensibilityGlobals) = postSolution
		SolutionGuid = {59C65CFB-D06F-4B28-AEC5-C7BCEBB24BA0}
	EndGlobalSection
EndGlobal
