
Microsoft Visual Studio Solution File, Format Version 12.00
# Visual Studio Version 16
VisualStudioVersion = 16.0.31005.135
MinimumVisualStudioVersion = 10.0.40219.1
Project("{FAE04EC0-301F-11D3-BF4B-00C04F79EFBC}") = "завдвння 4", "завдвння 4\завдвння 4.csproj", "{EC85E054-1F5B-4162-90C0-717B5E49C34F}"
EndProject
Global
	GlobalSection(SolutionConfigurationPlatforms) = preSolution
		Debug|Any CPU = Debug|Any CPU
		Release|Any CPU = Release|Any CPU
	EndGlobalSection
	GlobalSection(ProjectConfigurationPlatforms) = postSolution
		{EC85E054-1F5B-4162-90C0-717B5E49C34F}.Debug|Any CPU.ActiveCfg = Debug|Any CPU
		{EC85E054-1F5B-4162-90C0-717B5E49C34F}.Debug|Any CPU.Build.0 = Debug|Any CPU
		{EC85E054-1F5B-4162-90C0-717B5E49C34F}.Release|Any CPU.ActiveCfg = Release|Any CPU
		{EC85E054-1F5B-4162-90C0-717B5E49C34F}.Release|Any CPU.Build.0 = Release|Any CPU
	EndGlobalSection
	GlobalSection(SolutionProperties) = preSolution
		HideSolutionNode = FALSE
	EndGlobalSection
	GlobalSection(ExtensibilityGlobals) = postSolution
		SolutionGuid = {BB711C70-E483-40DB-873D-9148C2570105}
	EndGlobalSection
EndGlobal
